
Microsoft Visual Studio Solution File, Format Version 12.00
# Visual Studio Version 16
VisualStudioVersion = 16.0.34601.136
MinimumVisualStudioVersion = 10.0.40219.1
Project("{FAE04EC0-301F-11D3-BF4B-00C04F79EFBC}") = "TravelTripProje", "TravelTripProje\TravelTripProje.csproj", "{676C962F-7C82-487A-86A7-054C199052DB}"
EndProject
Global
	GlobalSection(SolutionConfigurationPlatforms) = preSolution
		Debug|Any CPU = Debug|Any CPU
		Release|Any CPU = Release|Any CPU
	EndGlobalSection
	GlobalSection(ProjectConfigurationPlatforms) = postSolution
		{676C962F-7C82-487A-86A7-054C199052DB}.Debug|Any CPU.ActiveCfg = Debug|Any CPU
		{676C962F-7C82-487A-86A7-054C199052DB}.Debug|Any CPU.Build.0 = Debug|Any CPU
		{676C962F-7C82-487A-86A7-054C199052DB}.Release|Any CPU.ActiveCfg = Release|Any CPU
		{676C962F-7C82-487A-86A7-054C199052DB}.Release|Any CPU.Build.0 = Release|Any CPU
	EndGlobalSection
	GlobalSection(SolutionProperties) = preSolution
		HideSolutionNode = FALSE
	EndGlobalSection
	GlobalSection(ExtensibilityGlobals) = postSolution
		SolutionGuid = {630A2DE7-5EF7-46BC-869D-68EEB7E0C7B8}
	EndGlobalSection
EndGlobal
